{
  "name": "mp-mocap-lib",
  "version": "0.0.1",
  "lockfileVersion": 3,
  "requires": true,
  "packages": {
    "": {
      "name": "mp-mocap-lib",
      "version": "0.0.1",
      "devDependencies": {
        "@skeletonlabs/skeleton": "^1.2.5"
      }
    },
    "node_modules/@skeletonlabs/skeleton": {
      "version": "1.2.5",
      "resolved": "https://registry.npmjs.org/@skeletonlabs/skeleton/-/skeleton-1.2.5.tgz",
      "integrity": "sha512-umysPs4+jPPD4xfbTwp7rznd5rT0Jz80kxM/6DTr9QdKR85gH6TBBCoKCiPiQywZtnj5WUcJfO7F6Qir3LNu2Q==",
      "dev": true,
      "dependencies": {
        "svelte": "^3.58.0"
      }
    },
    "node_modules/svelte": {
      "version": "3.59.0",
      "resolved": "https://registry.npmjs.org/svelte/-/svelte-3.59.0.tgz",
      "integrity": "sha512-Di1wVPwdWriw5pSyInMRpr5EZmwrzKxtDKv5aXu8A/WDUi59Y5bIvl42eLef0x1vwz+ZtrjdnT8nXir2bDqR/A==",
      "dev": true,
      "engines": {
        "node": ">= 8"
      }
    }
  }
}
